
Microsoft Visual Studio Solution File, Format Version 12.00
# Visual Studio Version 17
VisualStudioVersion = 17.13.35731.43 d17.13
MinimumVisualStudioVersion = 10.0.40219.1
Project("{FAE04EC0-301F-11D3-BF4B-00C04F79EFBC}") = "PositiveNumbersSorter", "PositiveNumbersSorter\PositiveNumbersSorter.csproj", "{D16FF3A0-7BB9-47E6-A7E8-6FC026AB6736}"
EndProject
Global
	GlobalSection(SolutionConfigurationPlatforms) = preSolution
		Debug|Any CPU = Debug|Any CPU
		Release|Any CPU = Release|Any CPU
	EndGlobalSection
	GlobalSection(ProjectConfigurationPlatforms) = postSolution
		{D16FF3A0-7BB9-47E6-A7E8-6FC026AB6736}.Debug|Any CPU.ActiveCfg = Debug|Any CPU
		{D16FF3A0-7BB9-47E6-A7E8-6FC026AB6736}.Debug|Any CPU.Build.0 = Debug|Any CPU
		{D16FF3A0-7BB9-47E6-A7E8-6FC026AB6736}.Release|Any CPU.ActiveCfg = Release|Any CPU
		{D16FF3A0-7BB9-47E6-A7E8-6FC026AB6736}.Release|Any CPU.Build.0 = Release|Any CPU
	EndGlobalSection
	GlobalSection(SolutionProperties) = preSolution
		HideSolutionNode = FALSE
	EndGlobalSection
	GlobalSection(ExtensibilityGlobals) = postSolution
		SolutionGuid = {85B31AE3-0CF8-4B0D-8A73-93D449553409}
	EndGlobalSection
EndGlobal
